
Microsoft Visual Studio Solution File, Format Version 12.00
# Visual Studio Version 17
VisualStudioVersion = 17.14.36511.14
MinimumVisualStudioVersion = 10.0.40219.1
Project("{FAE04EC0-301F-11D3-BF4B-00C04F79EFBC}") = "ForHealing", "ForHealing\ForHealing.csproj", "{57ACC957-45C9-4E4B-A319-A9F7278073ED}"
EndProject
Global
	GlobalSection(SolutionConfigurationPlatforms) = preSolution
		Debug|Any CPU = Debug|Any CPU
		Release|Any CPU = Release|Any CPU
	EndGlobalSection
	GlobalSection(ProjectConfigurationPlatforms) = postSolution
		{57ACC957-45C9-4E4B-A319-A9F7278073ED}.Debug|Any CPU.ActiveCfg = Debug|Any CPU
		{57ACC957-45C9-4E4B-A319-A9F7278073ED}.Debug|Any CPU.Build.0 = Debug|Any CPU
		{57ACC957-45C9-4E4B-A319-A9F7278073ED}.Release|Any CPU.ActiveCfg = Release|Any CPU
		{57ACC957-45C9-4E4B-A319-A9F7278073ED}.Release|Any CPU.Build.0 = Release|Any CPU
	EndGlobalSection
	GlobalSection(SolutionProperties) = preSolution
		HideSolutionNode = FALSE
	EndGlobalSection
	GlobalSection(ExtensibilityGlobals) = postSolution
		SolutionGuid = {B429A1A9-BD2D-4344-9F44-924A71956B98}
	EndGlobalSection
EndGlobal
